
Microsoft Visual Studio Solution File, Format Version 12.00
# Visual Studio Version 17
VisualStudioVersion = 17.7.34221.43
MinimumVisualStudioVersion = 10.0.40219.1
Project("{8BC9CEB8-8B4A-11D0-8D11-00A0C91BC942}") = "lab43", "lab43\lab43.vcxproj", "{980640C8-066D-40AB-A077-C813B490D750}"
EndProject
Global
	GlobalSection(SolutionConfigurationPlatforms) = preSolution
		Debug|x64 = Debug|x64
		Debug|x86 = Debug|x86
		Release|x64 = Release|x64
		Release|x86 = Release|x86
	EndGlobalSection
	GlobalSection(ProjectConfigurationPlatforms) = postSolution
		{980640C8-066D-40AB-A077-C813B490D750}.Debug|x64.ActiveCfg = Debug|x64
		{980640C8-066D-40AB-A077-C813B490D750}.Debug|x64.Build.0 = Debug|x64
		{980640C8-066D-40AB-A077-C813B490D750}.Debug|x86.ActiveCfg = Debug|Win32
		{980640C8-066D-40AB-A077-C813B490D750}.Debug|x86.Build.0 = Debug|Win32
		{980640C8-066D-40AB-A077-C813B490D750}.Release|x64.ActiveCfg = Release|x64
		{980640C8-066D-40AB-A077-C813B490D750}.Release|x64.Build.0 = Release|x64
		{980640C8-066D-40AB-A077-C813B490D750}.Release|x86.ActiveCfg = Release|Win32
		{980640C8-066D-40AB-A077-C813B490D750}.Release|x86.Build.0 = Release|Win32
	EndGlobalSection
	GlobalSection(SolutionProperties) = preSolution
		HideSolutionNode = FALSE
	EndGlobalSection
	GlobalSection(ExtensibilityGlobals) = postSolution
		SolutionGuid = {EB5DC97B-E3B6-456A-B4C4-11067938891A}
	EndGlobalSection
EndGlobal
